// !$*UTF8*$!
{
	archiveVersion = 1;
	classes = {
	};
	objectVersion = 46;
	objects = {

/* Begin PBXBuildFile section */
		5DC82EAF1DF7A9E200D34ADA /* libusb360.a in Frameworks */ = {isa = PBXBuildFile; fileRef = 5DC82EA91DF7A9E200D34ADA /* libusb360.a */; };
		5DC82EB01DF7A9E200D34ADA /* usb360.h in Headers */ = {isa = PBXBuildFile; fileRef = 5DC82EAA1DF7A9E200D34ADA /* usb360.h */; };
		5DC82EB11DF7A9E200D34ADA /* usb360_api.h in Headers */ = {isa = PBXBuildFile; fileRef = 5DC82EAB1DF7A9E200D34ADA /* usb360_api.h */; };
		5DC82EB21DF7A9E200D34ADA /* usb360_cmd_sdk.h in Headers */ = {isa = PBXBuildFile; fileRef = 5DC82EAC1DF7A9E200D34ADA /* usb360_cmd_sdk.h */; };
		5DC82EB31DF7A9E200D34ADA /* usb360_cmd_usr.h in Headers */ = {isa = PBXBuildFile; fileRef = 5DC82EAD1DF7A9E200D34ADA /* usb360_cmd_usr.h */; };
		5DC82EB41DF7A9E200D34ADA /* usb360_errcode.h in Headers */ = {isa = PBXBuildFile; fileRef = 5DC82EAE1DF7A9E200D34ADA /* usb360_errcode.h */; };
		5DF250961DCB019200EFDC44 /* libusb360.h in Headers */ = {isa = PBXBuildFile; fileRef = 5DF250941DCB019200EFDC44 /* libusb360.h */; settings = {ATTRIBUTES = (Public, ); }; };
		5DF2509E1DCB0EE700EFDC44 /* USB360Manager.h in Headers */ = {isa = PBXBuildFile; fileRef = 5DF2509C1DCB0EE700EFDC44 /* USB360Manager.h */; settings = {ATTRIBUTES = (Public, ); }; };
		5DF2509F1DCB0EE700EFDC44 /* USB360Manager.m in Sources */ = {isa = PBXBuildFile; fileRef = 5DF2509D1DCB0EE700EFDC44 /* USB360Manager.m */; };
		5DF25F271DD04B1700439915 /* ExternalAccessory.framework in Frameworks */ = {isa = PBXBuildFile; fileRef = 5DF25F261DD04B1700439915 /* ExternalAccessory.framework */; };
		5DF25F2A1DD050B600439915 /* EADSessionController.h in Headers */ = {isa = PBXBuildFile; fileRef = 5DF25F281DD050B600439915 /* EADSessionController.h */; };
		5DF25F2B1DD050B600439915 /* EADSessionController.m in Sources */ = {isa = PBXBuildFile; fileRef = 5DF25F291DD050B600439915 /* EADSessionController.m */; };
/* End PBXBuildFile section */

/* Begin PBXFileReference section */
		5DC82EA91DF7A9E200D34ADA /* libusb360.a */ = {isa = PBXFileReference; lastKnownFileType = archive.ar; path = libusb360.a; sourceTree = "<group>"; };
		5DC82EAA1DF7A9E200D34ADA /* usb360.h */ = {isa = PBXFileReference; fileEncoding = 4; lastKnownFileType = sourcecode.c.h; path = usb360.h; sourceTree = "<group>"; };
		5DC82EAB1DF7A9E200D34ADA /* usb360_api.h */ = {isa = PBXFileReference; fileEncoding = 4; lastKnownFileType = sourcecode.c.h; path = usb360_api.h; sourceTree = "<group>"; };
		5DC82EAC1DF7A9E200D34ADA /* usb360_cmd_sdk.h */ = {isa = PBXFileReference; fileEncoding = 4; lastKnownFileType = sourcecode.c.h; path = usb360_cmd_sdk.h; sourceTree = "<group>"; };
		5DC82EAD1DF7A9E200D34ADA /* usb360_cmd_usr.h */ = {isa = PBXFileReference; fileEncoding = 4; lastKnownFileType = sourcecode.c.h; path = usb360_cmd_usr.h; sourceTree = "<group>"; };
		5DC82EAE1DF7A9E200D34ADA /* usb360_errcode.h */ = {isa = PBXFileReference; fileEncoding = 4; lastKnownFileType = sourcecode.c.h; path = usb360_errcode.h; sourceTree = "<group>"; };
		5DF250911DCB019200EFDC44 /* libusb360.framework */ = {isa = PBXFileReference; explicitFileType = wrapper.framework; includeInIndex = 0; path = libusb360.framework; sourceTree = BUILT_PRODUCTS_DIR; };
		5DF250941DCB019200EFDC44 /* libusb360.h */ = {isa = PBXFileReference; lastKnownFileType = sourcecode.c.h; path = libusb360.h; sourceTree = "<group>"; };
		5DF250951DCB019200EFDC44 /* Info.plist */ = {isa = PBXFileReference; lastKnownFileType = text.plist.xml; path = Info.plist; sourceTree = "<group>"; };
		5DF2509C1DCB0EE700EFDC44 /* USB360Manager.h */ = {isa = PBXFileReference; fileEncoding = 4; lastKnownFileType = sourcecode.c.h; path = USB360Manager.h; sourceTree = "<group>"; };
		5DF2509D1DCB0EE700EFDC44 /* USB360Manager.m */ = {isa = PBXFileReference; fileEncoding = 4; lastKnownFileType = sourcecode.c.objc; path = USB360Manager.m; sourceTree = "<group>"; };
		5DF25F261DD04B1700439915 /* ExternalAccessory.framework */ = {isa = PBXFileReference; lastKnownFileType = wrapper.framework; name = ExternalAccessory.framework; path = System/Library/Frameworks/ExternalAccessory.framework; sourceTree = SDKROOT; };
		5DF25F281DD050B600439915 /* EADSessionController.h */ = {isa = PBXFileReference; fileEncoding = 4; lastKnownFileType = sourcecode.c.h; path = EADSessionController.h; sourceTree = "<group>"; };
		5DF25F291DD050B600439915 /* EADSessionController.m */ = {isa = PBXFileReference; fileEncoding = 4; lastKnownFileType = sourcecode.c.objc; path = EADSessionController.m; sourceTree = "<group>"; };
/* End PBXFileReference section */

/* Begin PBXFrameworksBuildPhase section */
		5DF2508D1DCB019200EFDC44 /* Frameworks */ = {
			isa = PBXFrameworksBuildPhase;
			buildActionMask = 2147483647;
			files = (
				5DC82EAF1DF7A9E200D34ADA /* libusb360.a in Frameworks */,
				5DF25F271DD04B1700439915 /* ExternalAccessory.framework in Frameworks */,
			);
			runOnlyForDeploymentPostprocessing = 0;
		};
/* End PBXFrameworksBuildPhase section */

/* Begin PBXGroup section */
		5DC82EA81DF7A9E200D34ADA /* USB360SDK */ = {
			isa = PBXGroup;
			children = (
				5DC82EA91DF7A9E200D34ADA /* libusb360.a */,
				5DC82EAA1DF7A9E200D34ADA /* usb360.h */,
				5DC82EAB1DF7A9E200D34ADA /* usb360_api.h */,
				5DC82EAC1DF7A9E200D34ADA /* usb360_cmd_sdk.h */,
				5DC82EAD1DF7A9E200D34ADA /* usb360_cmd_usr.h */,
				5DC82EAE1DF7A9E200D34ADA /* usb360_errcode.h */,
			);
			path = USB360SDK;
			sourceTree = "<group>";
		};
		5DF250871DCB019200EFDC44 = {
			isa = PBXGroup;
			children = (
				5DF250931DCB019200EFDC44 /* libusb360 */,
				5DF250921DCB019200EFDC44 /* Products */,
				5DF25F251DD04B1600439915 /* Frameworks */,
			);
			sourceTree = "<group>";
		};
		5DF250921DCB019200EFDC44 /* Products */ = {
			isa = PBXGroup;
			children = (
				5DF250911DCB019200EFDC44 /* libusb360.framework */,
			);
			name = Products;
			sourceTree = "<group>";
		};
		5DF250931DCB019200EFDC44 /* libusb360 */ = {
			isa = PBXGroup;
			children = (
				5DC82EA81DF7A9E200D34ADA /* USB360SDK */,
				5DF25F281DD050B600439915 /* EADSessionController.h */,
				5DF25F291DD050B600439915 /* EADSessionController.m */,
				5DF250941DCB019200EFDC44 /* libusb360.h */,
				5DF250951DCB019200EFDC44 /* Info.plist */,
				5DF2509C1DCB0EE700EFDC44 /* USB360Manager.h */,
				5DF2509D1DCB0EE700EFDC44 /* USB360Manager.m */,
			);
			path = libusb360;
			sourceTree = "<group>";
		};
		5DF25F251DD04B1600439915 /* Frameworks */ = {
			isa = PBXGroup;
			children = (
				5DF25F261DD04B1700439915 /* ExternalAccessory.framework */,
			);
			name = Frameworks;
			sourceTree = "<group>";
		};
/* End PBXGroup section */

/* Begin PBXHeadersBuildPhase section */
		5DF2508E1DCB019200EFDC44 /* Headers */ = {
			isa = PBXHeadersBuildPhase;
			buildActionMask = 2147483647;
			files = (
				5DC82EB31DF7A9E200D34ADA /* usb360_cmd_usr.h in Headers */,
				5DF25F2A1DD050B600439915 /* EADSessionController.h in Headers */,
				5DC82EB21DF7A9E200D34ADA /* usb360_cmd_sdk.h in Headers */,
				5DC82EB01DF7A9E200D34ADA /* usb360.h in Headers */,
				5DC82EB41DF7A9E200D34ADA /* usb360_errcode.h in Headers */,
				5DF2509E1DCB0EE700EFDC44 /* USB360Manager.h in Headers */,
				5DF250961DCB019200EFDC44 /* libusb360.h in Headers */,
				5DC82EB11DF7A9E200D34ADA /* usb360_api.h in Headers */,
			);
			runOnlyForDeploymentPostprocessing = 0;
		};
/* End PBXHeadersBuildPhase section */

/* Begin PBXNativeTarget section */
		5DF250901DCB019200EFDC44 /* libusb360 */ = {
			isa = PBXNativeTarget;
			buildConfigurationList = 5DF250991DCB019200EFDC44 /* Build configuration list for PBXNativeTarget "libusb360" */;
			buildPhases = (
				5DF2508C1DCB019200EFDC44 /* Sources */,
				5DF2508D1DCB019200EFDC44 /* Frameworks */,
				5DF2508E1DCB019200EFDC44 /* Headers */,
				5DF2508F1DCB019200EFDC44 /* Resources */,
			);
			buildRules = (
			);
			dependencies = (
			);
			name = libusb360;
			productName = libusb360;
			productReference = 5DF250911DCB019200EFDC44 /* libusb360.framework */;
			productType = "com.apple.product-type.framework";
		};
/* End PBXNativeTarget section */

/* Begin PBXProject section */
		5DF250881DCB019200EFDC44 /* Project object */ = {
			isa = PBXProject;
			attributes = {
				LastUpgradeCheck = 0810;
				ORGANIZATIONNAME = "My Company";
				TargetAttributes = {
					5DF250901DCB019200EFDC44 = {
						CreatedOnToolsVersion = 8.1;
						DevelopmentTeam = 7W25Z679ZG;
						ProvisioningStyle = Automatic;
					};
				};
			};
			buildConfigurationList = 5DF2508B1DCB019200EFDC44 /* Build configuration list for PBXProject "libusb360" */;
			compatibilityVersion = "Xcode 3.2";
			developmentRegion = English;
			hasScannedForEncodings = 0;
			knownRegions = (
				en,
			);
			mainGroup = 5DF250871DCB019200EFDC44;
			productRefGroup = 5DF250921DCB019200EFDC44 /* Products */;
			projectDirPath = "";
			projectRoot = "";
			targets = (
				5DF250901DCB019200EFDC44 /* libusb360 */,
			);
		};
/* End PBXProject section */

/* Begin PBXResourcesBuildPhase section */
		5DF2508F1DCB019200EFDC44 /* Resources */ = {
			isa = PBXResourcesBuildPhase;
			buildActionMask = 2147483647;
			files = (
			);
			runOnlyForDeploymentPostprocessing = 0;
		};
/* End PBXResourcesBuildPhase section */

/* Begin PBXSourcesBuildPhase section */
		5DF2508C1DCB019200EFDC44 /* Sources */ = {
			isa = PBXSourcesBuildPhase;
			buildActionMask = 2147483647;
			files = (
				5DF2509F1DCB0EE700EFDC44 /* USB360Manager.m in Sources */,
				5DF25F2B1DD050B600439915 /* EADSessionController.m in Sources */,
			);
			runOnlyForDeploymentPostprocessing = 0;
		};
/* End PBXSourcesBuildPhase section */

/* Begin XCBuildConfiguration section */
		5DF250971DCB019200EFDC44 /* Debug */ = {
			isa = XCBuildConfiguration;
			buildSettings = {
				ALWAYS_SEARCH_USER_PATHS = NO;
				CLANG_ANALYZER_NONNULL = YES;
				CLANG_CXX_LANGUAGE_STANDARD = "gnu++0x";
				CLANG_CXX_LIBRARY = "libc++";
				CLANG_ENABLE_MODULES = YES;
				CLANG_ENABLE_OBJC_ARC = YES;
				CLANG_WARN_BOOL_CONVERSION = YES;
				CLANG_WARN_CONSTANT_CONVERSION = YES;
				CLANG_WARN_DIRECT_OBJC_ISA_USAGE = YES_ERROR;
				CLANG_WARN_DOCUMENTATION_COMMENTS = YES;
				CLANG_WARN_EMPTY_BODY = YES;
				CLANG_WARN_ENUM_CONVERSION = YES;
				CLANG_WARN_INFINITE_RECURSION = YES;
				CLANG_WARN_INT_CONVERSION = YES;
				CLANG_WARN_OBJC_ROOT_CLASS = YES_ERROR;
				CLANG_WARN_SUSPICIOUS_MOVES = YES;
				CLANG_WARN_UNREACHABLE_CODE = YES;
				CLANG_WARN__DUPLICATE_METHOD_MATCH = YES;
				"CODE_SIGN_IDENTITY[sdk=iphoneos*]" = "iPhone Developer";
				COPY_PHASE_STRIP = NO;
				CURRENT_PROJECT_VERSION = 1;
				DEBUG_INFORMATION_FORMAT = dwarf;
				ENABLE_STRICT_OBJC_MSGSEND = YES;
				ENABLE_TESTABILITY = YES;
				GCC_C_LANGUAGE_STANDARD = gnu99;
				GCC_DYNAMIC_NO_PIC = NO;
				GCC_NO_COMMON_BLOCKS = YES;
				GCC_OPTIMIZATION_LEVEL = 0;
				GCC_PREPROCESSOR_DEFINITIONS = (
					"DEBUG=1",
					"$(inherited)",
				);
				GCC_WARN_64_TO_32_BIT_CONVERSION = YES;
				GCC_WARN_ABOUT_RETURN_TYPE = YES_ERROR;
				GCC_WARN_UNDECLARED_SELECTOR = YES;
				GCC_WARN_UNINITIALIZED_AUTOS = YES_AGGRESSIVE;
				GCC_WARN_UNUSED_FUNCTION = YES;
				GCC_WARN_UNUSED_VARIABLE = YES;
				IPHONEOS_DEPLOYMENT_TARGET = 10.1;
				MTL_ENABLE_DEBUG_INFO = YES;
				ONLY_ACTIVE_ARCH = YES;
				SDKROOT = iphoneos;
				TARGETED_DEVICE_FAMILY = "1,2";
				VERSIONING_SYSTEM = "apple-generic";
				VERSION_INFO_PREFIX = "";
			};
			name = Debug;
		};
		5DF250981DCB019200EFDC44 /* Release */ = {
			isa = XCBuildConfiguration;
			buildSettings = {
				ALWAYS_SEARCH_USER_PATHS = NO;
				CLANG_ANALYZER_NONNULL = YES;
				CLANG_CXX_LANGUAGE_STANDARD = "gnu++0x";
				CLANG_CXX_LIBRARY = "libc++";
				CLANG_ENABLE_MODULES = YES;
				CLANG_ENABLE_OBJC_ARC = YES;
				CLANG_WARN_BOOL_CONVERSION = YES;
				CLANG_WARN_CONSTANT_CONVERSION = YES;
				CLANG_WARN_DIRECT_OBJC_ISA_USAGE = YES_ERROR;
				CLANG_WARN_DOCUMENTATION_COMMENTS = YES;
				CLANG_WARN_EMPTY_BODY = YES;
				CLANG_WARN_ENUM_CONVERSION = YES;
				CLANG_WARN_INFINITE_RECURSION = YES;
				CLANG_WARN_INT_CONVERSION = YES;
				CLANG_WARN_OBJC_ROOT_CLASS = YES_ERROR;
				CLANG_WARN_SUSPICIOUS_MOVES = YES;
				CLANG_WARN_UNREACHABLE_CODE = YES;
				CLANG_WARN__DUPLICATE_METHOD_MATCH = YES;
				"CODE_SIGN_IDENTITY[sdk=iphoneos*]" = "iPhone Developer";
				COPY_PHASE_STRIP = NO;
				CURRENT_PROJECT_VERSION = 1;
				DEBUG_INFORMATION_FORMAT = "dwarf-with-dsym";
				ENABLE_NS_ASSERTIONS = NO;
				ENABLE_STRICT_OBJC_MSGSEND = YES;
				GCC_C_LANGUAGE_STANDARD = gnu99;
				GCC_NO_COMMON_BLOCKS = YES;
				GCC_WARN_64_TO_32_BIT_CONVERSION = YES;
				GCC_WARN_ABOUT_RETURN_TYPE = YES_ERROR;
				GCC_WARN_UNDECLARED_SELECTOR = YES;
				GCC_WARN_UNINITIALIZED_AUTOS = YES_AGGRESSIVE;
				GCC_WARN_UNUSED_FUNCTION = YES;
				GCC_WARN_UNUSED_VARIABLE = YES;
				IPHONEOS_DEPLOYMENT_TARGET = 10.1;
				MTL_ENABLE_DEBUG_INFO = NO;
				SDKROOT = iphoneos;
				TARGETED_DEVICE_FAMILY = "1,2";
				VALIDATE_PRODUCT = YES;
				VERSIONING_SYSTEM = "apple-generic";
				VERSION_INFO_PREFIX = "";
			};
			name = Release;
		};
		5DF2509A1DCB019200EFDC44 /* Debug */ = {
			isa = XCBuildConfiguration;
			buildSettings = {
				CODE_SIGN_IDENTITY = "";
				DEFINES_MODULE = YES;
				DEVELOPMENT_TEAM = 7W25Z679ZG;
				DYLIB_COMPATIBILITY_VERSION = 1;
				DYLIB_CURRENT_VERSION = 1;
				DYLIB_INSTALL_NAME_BASE = "@rpath";
				GCC_C_LANGUAGE_STANDARD = gnu99;
				HEADER_SEARCH_PATHS = /Volumes/WorkStuff/ObjectCFactory/libusb360/libusb360/USB360SDK;
				INFOPLIST_FILE = libusb360/Info.plist;
				INSTALL_PATH = "$(LOCAL_LIBRARY_DIR)/Frameworks";
				IPHONEOS_DEPLOYMENT_TARGET = 8.0;
				LD_RUNPATH_SEARCH_PATHS = "$(inherited) @executable_path/Frameworks @loader_path/Frameworks";
				LIBRARY_SEARCH_PATHS = (
					"$(inherited)",
					"$(PROJECT_DIR)/libusb360/USB360SDK",
				);
				ONLY_ACTIVE_ARCH = NO;
				PRODUCT_BUNDLE_IDENTIFIER = company.com.ynapmoc.libusb360;
				PRODUCT_NAME = "$(TARGET_NAME)";
				SKIP_INSTALL = YES;
			};
			name = Debug;
		};
		5DF2509B1DCB019200EFDC44 /* Release */ = {
			isa = XCBuildConfiguration;
			buildSettings = {
				CODE_SIGN_IDENTITY = "";
				DEFINES_MODULE = YES;
				DEVELOPMENT_TEAM = 7W25Z679ZG;
				DYLIB_COMPATIBILITY_VERSION = 1;
				DYLIB_CURRENT_VERSION = 1;
				DYLIB_INSTALL_NAME_BASE = "@rpath";
				GCC_C_LANGUAGE_STANDARD = gnu99;
				HEADER_SEARCH_PATHS = /Volumes/WorkStuff/ObjectCFactory/libusb360/libusb360/USB360SDK;
				INFOPLIST_FILE = libusb360/Info.plist;
				INSTALL_PATH = "$(LOCAL_LIBRARY_DIR)/Frameworks";
				IPHONEOS_DEPLOYMENT_TARGET = 8.0;
				LD_RUNPATH_SEARCH_PATHS = "$(inherited) @executable_path/Frameworks @loader_path/Frameworks";
				LIBRARY_SEARCH_PATHS = (
					"$(inherited)",
					"$(PROJECT_DIR)/libusb360/USB360SDK",
				);
				PRODUCT_BUNDLE_IDENTIFIER = company.com.ynapmoc.libusb360;
				PRODUCT_NAME = "$(TARGET_NAME)";
				SKIP_INSTALL = YES;
			};
			name = Release;
		};
/* End XCBuildConfiguration section */

/* Begin XCConfigurationList section */
		5DF2508B1DCB019200EFDC44 /* Build configuration list for PBXProject "libusb360" */ = {
			isa = XCConfigurationList;
			buildConfigurations = (
				5DF250971DCB019200EFDC44 /* Debug */,
				5DF250981DCB019200EFDC44 /* Release */,
			);
			defaultConfigurationIsVisible = 0;
			defaultConfigurationName = Release;
		};
		5DF250991DCB019200EFDC44 /* Build configuration list for PBXNativeTarget "libusb360" */ = {
			isa = XCConfigurationList;
			buildConfigurations = (
				5DF2509A1DCB019200EFDC44 /* Debug */,
				5DF2509B1DCB019200EFDC44 /* Release */,
			);
			defaultConfigurationIsVisible = 0;
			defaultConfigurationName = Release;
		};
/* End XCConfigurationList section */
	};
	rootObject = 5DF250881DCB019200EFDC44 /* Project object */;
}
